// !$*UTF8*$!
{
	archiveVersion = 1;
	classes = {
	};
	objectVersion = 46;
	objects = {

/* Begin PBXBuildFile section */
		173106F3197F136500CD9B91 /* AppDelegate.swift in Sources */ = {isa = PBXBuildFile; fileRef = 173106F2197F136500CD9B91 /* AppDelegate.swift */; };
		173106F8197F136500CD9B91 /* Main.storyboard in Resources */ = {isa = PBXBuildFile; fileRef = 173106F6197F136500CD9B91 /* Main.storyboard */; };
		173106FA197F136500CD9B91 /* Images.xcassets in Resources */ = {isa = PBXBuildFile; fileRef = 173106F9197F136500CD9B91 /* Images.xcassets */; };
		17310706197F136500CD9B91 /* pcmsTests.swift in Sources */ = {isa = PBXBuildFile; fileRef = 17310705197F136500CD9B91 /* pcmsTests.swift */; };
		17310717197F1E2C00CD9B91 /* ItemsReaderViewController.swift in Sources */ = {isa = PBXBuildFile; fileRef = 17310716197F1E2C00CD9B91 /* ItemsReaderViewController.swift */; };
		17310719197F1F6500CD9B91 /* BarcodeScannerViewController.swift in Sources */ = {isa = PBXBuildFile; fileRef = 17310718197F1F6500CD9B91 /* BarcodeScannerViewController.swift */; };
		1745F1A719845CCF0035E35B /* DimensionsDetailsViewController.swift in Sources */ = {isa = PBXBuildFile; fileRef = 1745F1A619845CCF0035E35B /* DimensionsDetailsViewController.swift */; };
		17804D4919805ECD00AC101B /* ScannedItemsTableViewController.swift in Sources */ = {isa = PBXBuildFile; fileRef = 17804D4819805ECD00AC101B /* ScannedItemsTableViewController.swift */; };
		17804D4D198061EB00AC101B /* Item.swift in Sources */ = {isa = PBXBuildFile; fileRef = 17804D4C198061EB00AC101B /* Item.swift */; };
		1786895219809AE200334CCF /* ItemDetailsViewController.swift in Sources */ = {isa = PBXBuildFile; fileRef = 1786895119809AE200334CCF /* ItemDetailsViewController.swift */; };
		17DA404B19844C8F00298B3B /* DimensionsTableViewCell.swift in Sources */ = {isa = PBXBuildFile; fileRef = 17DA404919844C8F00298B3B /* DimensionsTableViewCell.swift */; };
		17E041101982CF4400533967 /* ScannedItemTableViewCell.swift in Sources */ = {isa = PBXBuildFile; fileRef = 17E0410F1982CF4400533967 /* ScannedItemTableViewCell.swift */; };
/* End PBXBuildFile section */

/* Begin PBXContainerItemProxy section */
		17310700197F136500CD9B91 /* PBXContainerItemProxy */ = {
			isa = PBXContainerItemProxy;
			containerPortal = 173106E5197F136500CD9B91 /* Project object */;
			proxyType = 1;
			remoteGlobalIDString = 173106EC197F136500CD9B91;
			remoteInfo = pcms;
		};
/* End PBXContainerItemProxy section */

/* Begin PBXFileReference section */
		173106ED197F136500CD9B91 /* pcms.app */ = {isa = PBXFileReference; explicitFileType = wrapper.application; includeInIndex = 0; path = pcms.app; sourceTree = BUILT_PRODUCTS_DIR; };
		173106F1197F136500CD9B91 /* Info.plist */ = {isa = PBXFileReference; lastKnownFileType = text.plist.xml; path = Info.plist; sourceTree = "<group>"; };
		173106F2197F136500CD9B91 /* AppDelegate.swift */ = {isa = PBXFileReference; lastKnownFileType = sourcecode.swift; path = AppDelegate.swift; sourceTree = "<group>"; };
		173106F7197F136500CD9B91 /* Base */ = {isa = PBXFileReference; lastKnownFileType = file.storyboard; name = Base; path = Base.lproj/Main.storyboard; sourceTree = "<group>"; };
		173106F9197F136500CD9B91 /* Images.xcassets */ = {isa = PBXFileReference; lastKnownFileType = folder.assetcatalog; path = Images.xcassets; sourceTree = "<group>"; };
		173106FF197F136500CD9B91 /* pcmsTests.xctest */ = {isa = PBXFileReference; explicitFileType = wrapper.cfbundle; includeInIndex = 0; path = pcmsTests.xctest; sourceTree = BUILT_PRODUCTS_DIR; };
		17310704197F136500CD9B91 /* Info.plist */ = {isa = PBXFileReference; lastKnownFileType = text.plist.xml; path = Info.plist; sourceTree = "<group>"; };
		17310705197F136500CD9B91 /* pcmsTests.swift */ = {isa = PBXFileReference; lastKnownFileType = sourcecode.swift; path = pcmsTests.swift; sourceTree = "<group>"; };
		17310716197F1E2C00CD9B91 /* ItemsReaderViewController.swift */ = {isa = PBXFileReference; fileEncoding = 4; lastKnownFileType = sourcecode.swift; name = ItemsReaderViewController.swift; path = barcode/ItemsReaderViewController.swift; sourceTree = "<group>"; };
		17310718197F1F6500CD9B91 /* BarcodeScannerViewController.swift */ = {isa = PBXFileReference; fileEncoding = 4; lastKnownFileType = sourcecode.swift; name = BarcodeScannerViewController.swift; path = barcode/BarcodeScannerViewController.swift; sourceTree = "<group>"; };
		1745F1A619845CCF0035E35B /* DimensionsDetailsViewController.swift */ = {isa = PBXFileReference; fileEncoding = 4; lastKnownFileType = sourcecode.swift; name = DimensionsDetailsViewController.swift; path = barcode/details/DimensionsDetailsViewController.swift; sourceTree = "<group>"; };
		17804D4819805ECD00AC101B /* ScannedItemsTableViewController.swift */ = {isa = PBXFileReference; fileEncoding = 4; lastKnownFileType = sourcecode.swift; name = ScannedItemsTableViewController.swift; path = barcode/ScannedItemsTableViewController.swift; sourceTree = "<group>"; };
		17804D4C198061EB00AC101B /* Item.swift */ = {isa = PBXFileReference; fileEncoding = 4; lastKnownFileType = sourcecode.swift; path = Item.swift; sourceTree = "<group>"; };
		1786895119809AE200334CCF /* ItemDetailsViewController.swift */ = {isa = PBXFileReference; fileEncoding = 4; lastKnownFileType = sourcecode.swift; name = ItemDetailsViewController.swift; path = barcode/details/ItemDetailsViewController.swift; sourceTree = "<group>"; };
		17DA404919844C8F00298B3B /* DimensionsTableViewCell.swift */ = {isa = PBXFileReference; fileEncoding = 4; lastKnownFileType = sourcecode.swift; name = DimensionsTableViewCell.swift; path = barcode/details/DimensionsTableViewCell.swift; sourceTree = "<group>"; };
		17E0410F1982CF4400533967 /* ScannedItemTableViewCell.swift */ = {isa = PBXFileReference; fileEncoding = 4; lastKnownFileType = sourcecode.swift; name = ScannedItemTableViewCell.swift; path = barcode/ScannedItemTableViewCell.swift; sourceTree = "<group>"; };
/* End PBXFileReference section */

/* Begin PBXFrameworksBuildPhase section */
		173106EA197F136500CD9B91 /* Frameworks */ = {
			isa = PBXFrameworksBuildPhase;
			buildActionMask = 2147483647;
			files = (
			);
			runOnlyForDeploymentPostprocessing = 0;
		};
		173106FC197F136500CD9B91 /* Frameworks */ = {
			isa = PBXFrameworksBuildPhase;
			buildActionMask = 2147483647;
			files = (
			);
			runOnlyForDeploymentPostprocessing = 0;
		};
/* End PBXFrameworksBuildPhase section */

/* Begin PBXGroup section */
		173106E4197F136500CD9B91 = {
			isa = PBXGroup;
			children = (
				173106EF197F136500CD9B91 /* pcms */,
				17310702197F136500CD9B91 /* pcmsTests */,
				173106EE197F136500CD9B91 /* Products */,
			);
			sourceTree = "<group>";
		};
		173106EE197F136500CD9B91 /* Products */ = {
			isa = PBXGroup;
			children = (
				173106ED197F136500CD9B91 /* pcms.app */,
				173106FF197F136500CD9B91 /* pcmsTests.xctest */,
			);
			name = Products;
			sourceTree = "<group>";
		};
		173106EF197F136500CD9B91 /* pcms */ = {
			isa = PBXGroup;
			children = (
				173106F6197F136500CD9B91 /* Main.storyboard */,
				173106F2197F136500CD9B91 /* AppDelegate.swift */,
				17804D4C198061EB00AC101B /* Item.swift */,
				17310711197F14AA00CD9B91 /* barcode */,
				173106F9197F136500CD9B91 /* Images.xcassets */,
				173106F0197F136500CD9B91 /* Supporting Files */,
			);
			path = pcms;
			sourceTree = "<group>";
		};
		173106F0197F136500CD9B91 /* Supporting Files */ = {
			isa = PBXGroup;
			children = (
				173106F1197F136500CD9B91 /* Info.plist */,
			);
			name = "Supporting Files";
			sourceTree = "<group>";
		};
		17310702197F136500CD9B91 /* pcmsTests */ = {
			isa = PBXGroup;
			children = (
				17310705197F136500CD9B91 /* pcmsTests.swift */,
				17310703197F136500CD9B91 /* Supporting Files */,
			);
			path = pcmsTests;
			sourceTree = "<group>";
		};
		17310703197F136500CD9B91 /* Supporting Files */ = {
			isa = PBXGroup;
			children = (
				17310704197F136500CD9B91 /* Info.plist */,
			);
			name = "Supporting Files";
			sourceTree = "<group>";
		};
		17310711197F14AA00CD9B91 /* barcode */ = {
			isa = PBXGroup;
			children = (
				17310716197F1E2C00CD9B91 /* ItemsReaderViewController.swift */,
				17310718197F1F6500CD9B91 /* BarcodeScannerViewController.swift */,
				17804D4819805ECD00AC101B /* ScannedItemsTableViewController.swift */,
				17E0410F1982CF4400533967 /* ScannedItemTableViewCell.swift */,
				17DA404819844C6100298B3B /* details */,
			);
			name = barcode;
			sourceTree = "<group>";
		};
		17DA404819844C6100298B3B /* details */ = {
			isa = PBXGroup;
			children = (
				1786895119809AE200334CCF /* ItemDetailsViewController.swift */,
				17DA404919844C8F00298B3B /* DimensionsTableViewCell.swift */,
				1745F1A619845CCF0035E35B /* DimensionsDetailsViewController.swift */,
			);
			name = details;
			sourceTree = "<group>";
		};
/* End PBXGroup section */

/* Begin PBXNativeTarget section */
		173106EC197F136500CD9B91 /* pcms */ = {
			isa = PBXNativeTarget;
			buildConfigurationList = 17310709197F136500CD9B91 /* Build configuration list for PBXNativeTarget "pcms" */;
			buildPhases = (
				173106E9197F136500CD9B91 /* Sources */,
				173106EA197F136500CD9B91 /* Frameworks */,
				173106EB197F136500CD9B91 /* Resources */,
			);
			buildRules = (
			);
			dependencies = (
			);
			name = pcms;
			productName = pcms;
			productReference = 173106ED197F136500CD9B91 /* pcms.app */;
			productType = "com.apple.product-type.application";
		};
		173106FE197F136500CD9B91 /* pcmsTests */ = {
			isa = PBXNativeTarget;
			buildConfigurationList = 1731070C197F136500CD9B91 /* Build configuration list for PBXNativeTarget "pcmsTests" */;
			buildPhases = (
				173106FB197F136500CD9B91 /* Sources */,
				173106FC197F136500CD9B91 /* Frameworks */,
				173106FD197F136500CD9B91 /* Resources */,
			);
			buildRules = (
			);
			dependencies = (
				17310701197F136500CD9B91 /* PBXTargetDependency */,
			);
			name = pcmsTests;
			productName = pcmsTests;
			productReference = 173106FF197F136500CD9B91 /* pcmsTests.xctest */;
			productType = "com.apple.product-type.bundle.unit-test";
		};
/* End PBXNativeTarget section */

/* Begin PBXProject section */
		173106E5197F136500CD9B91 /* Project object */ = {
			isa = PBXProject;
			attributes = {
				LastUpgradeCheck = 0600;
				ORGANIZATIONNAME = "Jordan Potter";
				TargetAttributes = {
					173106EC197F136500CD9B91 = {
						CreatedOnToolsVersion = 6.0;
					};
					173106FE197F136500CD9B91 = {
						CreatedOnToolsVersion = 6.0;
						TestTargetID = 173106EC197F136500CD9B91;
					};
				};
			};
			buildConfigurationList = 173106E8197F136500CD9B91 /* Build configuration list for PBXProject "pcms" */;
			compatibilityVersion = "Xcode 3.2";
			developmentRegion = English;
			hasScannedForEncodings = 0;
			knownRegions = (
				en,
				Base,
			);
			mainGroup = 173106E4197F136500CD9B91;
			productRefGroup = 173106EE197F136500CD9B91 /* Products */;
			projectDirPath = "";
			projectRoot = "";
			targets = (
				173106EC197F136500CD9B91 /* pcms */,
				173106FE197F136500CD9B91 /* pcmsTests */,
			);
		};
/* End PBXProject section */

/* Begin PBXResourcesBuildPhase section */
		173106EB197F136500CD9B91 /* Resources */ = {
			isa = PBXResourcesBuildPhase;
			buildActionMask = 2147483647;
			files = (
				173106F8197F136500CD9B91 /* Main.storyboard in Resources */,
				173106FA197F136500CD9B91 /* Images.xcassets in Resources */,
			);
			runOnlyForDeploymentPostprocessing = 0;
		};
		173106FD197F136500CD9B91 /* Resources */ = {
			isa = PBXResourcesBuildPhase;
			buildActionMask = 2147483647;
			files = (
			);
			runOnlyForDeploymentPostprocessing = 0;
		};
/* End PBXResourcesBuildPhase section */

/* Begin PBXSourcesBuildPhase section */
		173106E9197F136500CD9B91 /* Sources */ = {
			isa = PBXSourcesBuildPhase;
			buildActionMask = 2147483647;
			files = (
				1745F1A719845CCF0035E35B /* DimensionsDetailsViewController.swift in Sources */,
				17E041101982CF4400533967 /* ScannedItemTableViewCell.swift in Sources */,
				17804D4D198061EB00AC101B /* Item.swift in Sources */,
				17310717197F1E2C00CD9B91 /* ItemsReaderViewController.swift in Sources */,
				1786895219809AE200334CCF /* ItemDetailsViewController.swift in Sources */,
				17DA404B19844C8F00298B3B /* DimensionsTableViewCell.swift in Sources */,
				17804D4919805ECD00AC101B /* ScannedItemsTableViewController.swift in Sources */,
				173106F3197F136500CD9B91 /* AppDelegate.swift in Sources */,
				17310719197F1F6500CD9B91 /* BarcodeScannerViewController.swift in Sources */,
			);
			runOnlyForDeploymentPostprocessing = 0;
		};
		173106FB197F136500CD9B91 /* Sources */ = {
			isa = PBXSourcesBuildPhase;
			buildActionMask = 2147483647;
			files = (
				17310706197F136500CD9B91 /* pcmsTests.swift in Sources */,
			);
			runOnlyForDeploymentPostprocessing = 0;
		};
/* End PBXSourcesBuildPhase section */

/* Begin PBXTargetDependency section */
		17310701197F136500CD9B91 /* PBXTargetDependency */ = {
			isa = PBXTargetDependency;
			target = 173106EC197F136500CD9B91 /* pcms */;
			targetProxy = 17310700197F136500CD9B91 /* PBXContainerItemProxy */;
		};
/* End PBXTargetDependency section */

/* Begin PBXVariantGroup section */
		173106F6197F136500CD9B91 /* Main.storyboard */ = {
			isa = PBXVariantGroup;
			children = (
				173106F7197F136500CD9B91 /* Base */,
			);
			name = Main.storyboard;
			sourceTree = "<group>";
		};
/* End PBXVariantGroup section */

/* Begin XCBuildConfiguration section */
		17310707197F136500CD9B91 /* Debug */ = {
			isa = XCBuildConfiguration;
			buildSettings = {
				ALWAYS_SEARCH_USER_PATHS = NO;
				CLANG_CXX_LANGUAGE_STANDARD = "gnu++0x";
				CLANG_CXX_LIBRARY = "libc++";
				CLANG_ENABLE_MODULES = YES;
				CLANG_ENABLE_OBJC_ARC = YES;
				CLANG_WARN_BOOL_CONVERSION = YES;
				CLANG_WARN_CONSTANT_CONVERSION = YES;
				CLANG_WARN_DIRECT_OBJC_ISA_USAGE = YES_ERROR;
				CLANG_WARN_EMPTY_BODY = YES;
				CLANG_WARN_ENUM_CONVERSION = YES;
				CLANG_WARN_INT_CONVERSION = YES;
				CLANG_WARN_OBJC_ROOT_CLASS = YES_ERROR;
				CLANG_WARN_UNREACHABLE_CODE = YES;
				CLANG_WARN__DUPLICATE_METHOD_MATCH = YES;
				"CODE_SIGN_IDENTITY[sdk=iphoneos*]" = "iPhone Developer";
				COPY_PHASE_STRIP = NO;
				ENABLE_STRICT_OBJC_MSGSEND = YES;
				GCC_C_LANGUAGE_STANDARD = gnu99;
				GCC_DYNAMIC_NO_PIC = NO;
				GCC_OPTIMIZATION_LEVEL = 0;
				GCC_PREPROCESSOR_DEFINITIONS = (
					"DEBUG=1",
					"$(inherited)",
				);
				GCC_SYMBOLS_PRIVATE_EXTERN = NO;
				GCC_WARN_64_TO_32_BIT_CONVERSION = YES;
				GCC_WARN_ABOUT_RETURN_TYPE = YES_ERROR;
				GCC_WARN_UNDECLARED_SELECTOR = YES;
				GCC_WARN_UNINITIALIZED_AUTOS = YES_AGGRESSIVE;
				GCC_WARN_UNUSED_FUNCTION = YES;
				GCC_WARN_UNUSED_VARIABLE = YES;
				IPHONEOS_DEPLOYMENT_TARGET = 8.0;
				MTL_ENABLE_DEBUG_INFO = YES;
				ONLY_ACTIVE_ARCH = YES;
				SDKROOT = iphoneos;
				SWIFT_OPTIMIZATION_LEVEL = "-Onone";
				TARGETED_DEVICE_FAMILY = "1,2";
			};
			name = Debug;
		};
		17310708197F136500CD9B91 /* Release */ = {
			isa = XCBuildConfiguration;
			buildSettings = {
				ALWAYS_SEARCH_USER_PATHS = NO;
				CLANG_CXX_LANGUAGE_STANDARD = "gnu++0x";
				CLANG_CXX_LIBRARY = "libc++";
				CLANG_ENABLE_MODULES = YES;
				CLANG_ENABLE_OBJC_ARC = YES;
				CLANG_WARN_BOOL_CONVERSION = YES;
				CLANG_WARN_CONSTANT_CONVERSION = YES;
				CLANG_WARN_DIRECT_OBJC_ISA_USAGE = YES_ERROR;
				CLANG_WARN_EMPTY_BODY = YES;
				CLANG_WARN_ENUM_CONVERSION = YES;
				CLANG_WARN_INT_CONVERSION = YES;
				CLANG_WARN_OBJC_ROOT_CLASS = YES_ERROR;
				CLANG_WARN_UNREACHABLE_CODE = YES;
				CLANG_WARN__DUPLICATE_METHOD_MATCH = YES;
				"CODE_SIGN_IDENTITY[sdk=iphoneos*]" = "iPhone Developer";
				COPY_PHASE_STRIP = YES;
				ENABLE_NS_ASSERTIONS = NO;
				ENABLE_STRICT_OBJC_MSGSEND = YES;
				GCC_C_LANGUAGE_STANDARD = gnu99;
				GCC_WARN_64_TO_32_BIT_CONVERSION = YES;
				GCC_WARN_ABOUT_RETURN_TYPE = YES_ERROR;
				GCC_WARN_UNDECLARED_SELECTOR = YES;
				GCC_WARN_UNINITIALIZED_AUTOS = YES_AGGRESSIVE;
				GCC_WARN_UNUSED_FUNCTION = YES;
				GCC_WARN_UNUSED_VARIABLE = YES;
				IPHONEOS_DEPLOYMENT_TARGET = 8.0;
				MTL_ENABLE_DEBUG_INFO = NO;
				SDKROOT = iphoneos;
				TARGETED_DEVICE_FAMILY = "1,2";
				VALIDATE_PRODUCT = YES;
			};
			name = Release;
		};
		1731070A197F136500CD9B91 /* Debug */ = {
			isa = XCBuildConfiguration;
			buildSettings = {
				ASSETCATALOG_COMPILER_APPICON_NAME = AppIcon;
				ASSETCATALOG_COMPILER_LAUNCHIMAGE_NAME = LaunchImage;
				INFOPLIST_FILE = pcms/Info.plist;
				IPHONEOS_DEPLOYMENT_TARGET = 7.0;
				LD_RUNPATH_SEARCH_PATHS = "$(inherited) @executable_path/Frameworks";
				PRODUCT_NAME = "$(TARGET_NAME)";
				TARGETED_DEVICE_FAMILY = 1;
			};
			name = Debug;
		};
		1731070B197F136500CD9B91 /* Release */ = {
			isa = XCBuildConfiguration;
			buildSettings = {
				ASSETCATALOG_COMPILER_APPICON_NAME = AppIcon;
				ASSETCATALOG_COMPILER_LAUNCHIMAGE_NAME = LaunchImage;
				INFOPLIST_FILE = pcms/Info.plist;
				IPHONEOS_DEPLOYMENT_TARGET = 7.0;
				LD_RUNPATH_SEARCH_PATHS = "$(inherited) @executable_path/Frameworks";
				PRODUCT_NAME = "$(TARGET_NAME)";
				TARGETED_DEVICE_FAMILY = 1;
			};
			name = Release;
		};
		1731070D197F136500CD9B91 /* Debug */ = {
			isa = XCBuildConfiguration;
			buildSettings = {
				BUNDLE_LOADER = "$(BUILT_PRODUCTS_DIR)/pcms.app/pcms";
				FRAMEWORK_SEARCH_PATHS = (
					"$(SDKROOT)/Developer/Library/Frameworks",
					"$(inherited)",
				);
				GCC_PREPROCESSOR_DEFINITIONS = (
					"DEBUG=1",
					"$(inherited)",
				);
				INFOPLIST_FILE = pcmsTests/Info.plist;
				LD_RUNPATH_SEARCH_PATHS = "$(inherited) @executable_path/Frameworks @loader_path/Frameworks";
				PRODUCT_NAME = "$(TARGET_NAME)";
				TEST_HOST = "$(BUNDLE_LOADER)";
			};
			name = Debug;
		};
		1731070E197F136500CD9B91 /* Release */ = {
			isa = XCBuildConfiguration;
			buildSettings = {
				BUNDLE_LOADER = "$(BUILT_PRODUCTS_DIR)/pcms.app/pcms";
				FRAMEWORK_SEARCH_PATHS = (
					"$(SDKROOT)/Developer/Library/Frameworks",
					"$(inherited)",
				);
				INFOPLIST_FILE = pcmsTests/Info.plist;
				LD_RUNPATH_SEARCH_PATHS = "$(inherited) @executable_path/Frameworks @loader_path/Frameworks";
				PRODUCT_NAME = "$(TARGET_NAME)";
				TEST_HOST = "$(BUNDLE_LOADER)";
			};
			name = Release;
		};
/* End XCBuildConfiguration section */

/* Begin XCConfigurationList section */
		173106E8197F136500CD9B91 /* Build configuration list for PBXProject "pcms" */ = {
			isa = XCConfigurationList;
			buildConfigurations = (
				17310707197F136500CD9B91 /* Debug */,
				17310708197F136500CD9B91 /* Release */,
			);
			defaultConfigurationIsVisible = 0;
			defaultConfigurationName = Release;
		};
		17310709197F136500CD9B91 /* Build configuration list for PBXNativeTarget "pcms" */ = {
			isa = XCConfigurationList;
			buildConfigurations = (
				1731070A197F136500CD9B91 /* Debug */,
				1731070B197F136500CD9B91 /* Release */,
			);
			defaultConfigurationIsVisible = 0;
			defaultConfigurationName = Release;
		};
		1731070C197F136500CD9B91 /* Build configuration list for PBXNativeTarget "pcmsTests" */ = {
			isa = XCConfigurationList;
			buildConfigurations = (
				1731070D197F136500CD9B91 /* Debug */,
				1731070E197F136500CD9B91 /* Release */,
			);
			defaultConfigurationIsVisible = 0;
			defaultConfigurationName = Release;
		};
/* End XCConfigurationList section */
	};
	rootObject = 173106E5197F136500CD9B91 /* Project object */;
}
